# This file is automatically @generated by Cargo.
# It is not intended for manual editing.
version = 4

[[package]]
name = "fnp_app"
version = "0.1.0"
dependencies = [
 "fnp_game",
]

[[package]]
name = "fnp_content"
version = "0.1.0"

[[package]]
name = "fnp_game"
version = "0.1.0"
dependencies = [
 "fnp_content",
]

[[package]]
name = "fnp_sim_harness"
version = "0.1.0"
dependencies = [
 "fnp_game",
]
